
Microsoft Visual Studio Solution File, Format Version 12.00
# Visual Studio Version 16
VisualStudioVersion = 25.0.1706.14
MinimumVisualStudioVersion = 10.0.40219.1
Project("{FAE04EC0-301F-11D3-BF4B-00C04F79EFBC}") = "WebBanSach", "WebBanSach.csproj", "{1EE288B3-3C81-4167-A9F2-7337086A825F}"
EndProject
Global
	GlobalSection(SolutionConfigurationPlatforms) = preSolution
		Debug|Any CPU = Debug|Any CPU
		Release|Any CPU = Release|Any CPU
	EndGlobalSection
	GlobalSection(ProjectConfigurationPlatforms) = postSolution
		{1EE288B3-3C81-4167-A9F2-7337086A825F}.Debug|Any CPU.ActiveCfg = Debug|Any CPU
		{1EE288B3-3C81-4167-A9F2-7337086A825F}.Debug|Any CPU.Build.0 = Debug|Any CPU
		{1EE288B3-3C81-4167-A9F2-7337086A825F}.Release|Any CPU.ActiveCfg = Release|Any CPU
		{1EE288B3-3C81-4167-A9F2-7337086A825F}.Release|Any CPU.Build.0 = Release|Any CPU
	EndGlobalSection
	GlobalSection(SolutionProperties) = preSolution
		HideSolutionNode = FALSE
	EndGlobalSection
	GlobalSection(ExtensibilityGlobals) = postSolution
		SolutionGuid = {4C20212D-9B70-4F0F-8259-88717C8B0D37}
	EndGlobalSection
EndGlobal
